
Microsoft Visual Studio Solution File, Format Version 12.00
# Visual Studio Version 16
VisualStudioVersion = 16.0.31702.278
MinimumVisualStudioVersion = 10.0.40219.1
Project("{9A19103F-16F7-4668-BE54-9A1E7A4F7556}") = "CryptoCheckerApp.Backend", "CryptoCheckerApp.Backend\CryptoCheckerApp.Backend.csproj", "{61CB7A40-B872-4871-B6D2-49D847F500AF}"
EndProject
Project("{9A19103F-16F7-4668-BE54-9A1E7A4F7556}") = "CryptoCheckerApp.Domain", "CryptoCheckerApp.Domain\CryptoCheckerApp.Domain.csproj", "{BE780984-BFAC-432B-94DA-9205C22209EC}"
EndProject
Project("{9A19103F-16F7-4668-BE54-9A1E7A4F7556}") = "CryptoCheckerApp.Backend.Test", "CryptoCheckerApp.Backend.Test\CryptoCheckerApp.Backend.Test.csproj", "{A0CEA68C-EBFF-45A1-81A8-6D5B1FBF48C1}"
EndProject
Project("{2150E333-8FDC-42A3-9474-1A3956D46DE8}") = "Solution Items", "Solution Items", "{645FC78C-26E9-4936-8BB9-D671CBAF1F0D}"
	ProjectSection(SolutionItems) = preProject
		README.md = README.md
	EndProjectSection
EndProject
Project("{9A19103F-16F7-4668-BE54-9A1E7A4F7556}") = "CryptoCheckerApp", "CryptoCheckerApp\CryptoCheckerApp.csproj", "{022FA9BD-2AA7-44C5-816A-F97E96467E9A}"
EndProject
Project("{FAE04EC0-301F-11D3-BF4B-00C04F79EFBC}") = "CryptoCheckerApp.Android", "CryptoCheckerApp.Android\CryptoCheckerApp.Android.csproj", "{F8C909D7-F251-468A-B32D-69924ED70E61}"
EndProject
Project("{FAE04EC0-301F-11D3-BF4B-00C04F79EFBC}") = "CryptoCheckerApp.iOS", "CryptoCheckerApp.iOS\CryptoCheckerApp.iOS.csproj", "{5F972CD9-5DE1-4E2E-A6EE-541F34C7D530}"
EndProject
Global
	GlobalSection(SolutionConfigurationPlatforms) = preSolution
		Debug|Any CPU = Debug|Any CPU
		Debug|iPhone = Debug|iPhone
		Debug|iPhoneSimulator = Debug|iPhoneSimulator
		Release|Any CPU = Release|Any CPU
		Release|iPhone = Release|iPhone
		Release|iPhoneSimulator = Release|iPhoneSimulator
	EndGlobalSection
	GlobalSection(ProjectConfigurationPlatforms) = postSolution
		{61CB7A40-B872-4871-B6D2-49D847F500AF}.Debug|Any CPU.ActiveCfg = Debug|Any CPU
		{61CB7A40-B872-4871-B6D2-49D847F500AF}.Debug|Any CPU.Build.0 = Debug|Any CPU
		{61CB7A40-B872-4871-B6D2-49D847F500AF}.Debug|iPhone.ActiveCfg = Debug|Any CPU
		{61CB7A40-B872-4871-B6D2-49D847F500AF}.Debug|iPhone.Build.0 = Debug|Any CPU
		{61CB7A40-B872-4871-B6D2-49D847F500AF}.Debug|iPhoneSimulator.ActiveCfg = Debug|Any CPU
		{61CB7A40-B872-4871-B6D2-49D847F500AF}.Debug|iPhoneSimulator.Build.0 = Debug|Any CPU
		{61CB7A40-B872-4871-B6D2-49D847F500AF}.Release|Any CPU.ActiveCfg = Release|Any CPU
		{61CB7A40-B872-4871-B6D2-49D847F500AF}.Release|Any CPU.Build.0 = Release|Any CPU
		{61CB7A40-B872-4871-B6D2-49D847F500AF}.Release|iPhone.ActiveCfg = Release|Any CPU
		{61CB7A40-B872-4871-B6D2-49D847F500AF}.Release|iPhone.Build.0 = Release|Any CPU
		{61CB7A40-B872-4871-B6D2-49D847F500AF}.Release|iPhoneSimulator.ActiveCfg = Release|Any CPU
		{61CB7A40-B872-4871-B6D2-49D847F500AF}.Release|iPhoneSimulator.Build.0 = Release|Any CPU
		{BE780984-BFAC-432B-94DA-9205C22209EC}.Debug|Any CPU.ActiveCfg = Debug|Any CPU
		{BE780984-BFAC-432B-94DA-9205C22209EC}.Debug|Any CPU.Build.0 = Debug|Any CPU
		{BE780984-BFAC-432B-94DA-9205C22209EC}.Debug|iPhone.ActiveCfg = Debug|Any CPU
		{BE780984-BFAC-432B-94DA-9205C22209EC}.Debug|iPhone.Build.0 = Debug|Any CPU
		{BE780984-BFAC-432B-94DA-9205C22209EC}.Debug|iPhoneSimulator.ActiveCfg = Debug|Any CPU
		{BE780984-BFAC-432B-94DA-9205C22209EC}.Debug|iPhoneSimulator.Build.0 = Debug|Any CPU
		{BE780984-BFAC-432B-94DA-9205C22209EC}.Release|Any CPU.ActiveCfg = Release|Any CPU
		{BE780984-BFAC-432B-94DA-9205C22209EC}.Release|Any CPU.Build.0 = Release|Any CPU
		{BE780984-BFAC-432B-94DA-9205C22209EC}.Release|iPhone.ActiveCfg = Release|Any CPU
		{BE780984-BFAC-432B-94DA-9205C22209EC}.Release|iPhone.Build.0 = Release|Any CPU
		{BE780984-BFAC-432B-94DA-9205C22209EC}.Release|iPhoneSimulator.ActiveCfg = Release|Any CPU
		{BE780984-BFAC-432B-94DA-9205C22209EC}.Release|iPhoneSimulator.Build.0 = Release|Any CPU
		{A0CEA68C-EBFF-45A1-81A8-6D5B1FBF48C1}.Debug|Any CPU.ActiveCfg = Debug|Any CPU
		{A0CEA68C-EBFF-45A1-81A8-6D5B1FBF48C1}.Debug|Any CPU.Build.0 = Debug|Any CPU
		{A0CEA68C-EBFF-45A1-81A8-6D5B1FBF48C1}.Debug|iPhone.ActiveCfg = Debug|Any CPU
		{A0CEA68C-EBFF-45A1-81A8-6D5B1FBF48C1}.Debug|iPhone.Build.0 = Debug|Any CPU
		{A0CEA68C-EBFF-45A1-81A8-6D5B1FBF48C1}.Debug|iPhoneSimulator.ActiveCfg = Debug|Any CPU
		{A0CEA68C-EBFF-45A1-81A8-6D5B1FBF48C1}.Debug|iPhoneSimulator.Build.0 = Debug|Any CPU
		{A0CEA68C-EBFF-45A1-81A8-6D5B1FBF48C1}.Release|Any CPU.ActiveCfg = Release|Any CPU
		{A0CEA68C-EBFF-45A1-81A8-6D5B1FBF48C1}.Release|Any CPU.Build.0 = Release|Any CPU
		{A0CEA68C-EBFF-45A1-81A8-6D5B1FBF48C1}.Release|iPhone.ActiveCfg = Release|Any CPU
		{A0CEA68C-EBFF-45A1-81A8-6D5B1FBF48C1}.Release|iPhone.Build.0 = Release|Any CPU
		{A0CEA68C-EBFF-45A1-81A8-6D5B1FBF48C1}.Release|iPhoneSimulator.ActiveCfg = Release|Any CPU
		{A0CEA68C-EBFF-45A1-81A8-6D5B1FBF48C1}.Release|iPhoneSimulator.Build.0 = Release|Any CPU
		{022FA9BD-2AA7-44C5-816A-F97E96467E9A}.Debug|Any CPU.ActiveCfg = Debug|Any CPU
		{022FA9BD-2AA7-44C5-816A-F97E96467E9A}.Debug|Any CPU.Build.0 = Debug|Any CPU
		{022FA9BD-2AA7-44C5-816A-F97E96467E9A}.Debug|iPhone.ActiveCfg = Debug|Any CPU
		{022FA9BD-2AA7-44C5-816A-F97E96467E9A}.Debug|iPhone.Build.0 = Debug|Any CPU
		{022FA9BD-2AA7-44C5-816A-F97E96467E9A}.Debug|iPhoneSimulator.ActiveCfg = Debug|Any CPU
		{022FA9BD-2AA7-44C5-816A-F97E96467E9A}.Debug|iPhoneSimulator.Build.0 = Debug|Any CPU
		{022FA9BD-2AA7-44C5-816A-F97E96467E9A}.Release|Any CPU.ActiveCfg = Release|Any CPU
		{022FA9BD-2AA7-44C5-816A-F97E96467E9A}.Release|Any CPU.Build.0 = Release|Any CPU
		{022FA9BD-2AA7-44C5-816A-F97E96467E9A}.Release|iPhone.ActiveCfg = Release|Any CPU
		{022FA9BD-2AA7-44C5-816A-F97E96467E9A}.Release|iPhone.Build.0 = Release|Any CPU
		{022FA9BD-2AA7-44C5-816A-F97E96467E9A}.Release|iPhoneSimulator.ActiveCfg = Release|Any CPU
		{022FA9BD-2AA7-44C5-816A-F97E96467E9A}.Release|iPhoneSimulator.Build.0 = Release|Any CPU
		{F8C909D7-F251-468A-B32D-69924ED70E61}.Debug|Any CPU.ActiveCfg = Debug|Any CPU
		{F8C909D7-F251-468A-B32D-69924ED70E61}.Debug|Any CPU.Build.0 = Debug|Any CPU
		{F8C909D7-F251-468A-B32D-69924ED70E61}.Debug|Any CPU.Deploy.0 = Debug|Any CPU
		{F8C909D7-F251-468A-B32D-69924ED70E61}.Debug|iPhone.ActiveCfg = Debug|Any CPU
		{F8C909D7-F251-468A-B32D-69924ED70E61}.Debug|iPhone.Build.0 = Debug|Any CPU
		{F8C909D7-F251-468A-B32D-69924ED70E61}.Debug|iPhone.Deploy.0 = Debug|Any CPU
		{F8C909D7-F251-468A-B32D-69924ED70E61}.Debug|iPhoneSimulator.ActiveCfg = Debug|Any CPU
		{F8C909D7-F251-468A-B32D-69924ED70E61}.Debug|iPhoneSimulator.Build.0 = Debug|Any CPU
		{F8C909D7-F251-468A-B32D-69924ED70E61}.Debug|iPhoneSimulator.Deploy.0 = Debug|Any CPU
		{F8C909D7-F251-468A-B32D-69924ED70E61}.Release|Any CPU.ActiveCfg = Release|Any CPU
		{F8C909D7-F251-468A-B32D-69924ED70E61}.Release|Any CPU.Build.0 = Release|Any CPU
		{F8C909D7-F251-468A-B32D-69924ED70E61}.Release|Any CPU.Deploy.0 = Release|Any CPU
		{F8C909D7-F251-468A-B32D-69924ED70E61}.Release|iPhone.ActiveCfg = Release|Any CPU
		{F8C909D7-F251-468A-B32D-69924ED70E61}.Release|iPhone.Build.0 = Release|Any CPU
		{F8C909D7-F251-468A-B32D-69924ED70E61}.Release|iPhone.Deploy.0 = Release|Any CPU
		{F8C909D7-F251-468A-B32D-69924ED70E61}.Release|iPhoneSimulator.ActiveCfg = Release|Any CPU
		{F8C909D7-F251-468A-B32D-69924ED70E61}.Release|iPhoneSimulator.Build.0 = Release|Any CPU
		{F8C909D7-F251-468A-B32D-69924ED70E61}.Release|iPhoneSimulator.Deploy.0 = Release|Any CPU
		{5F972CD9-5DE1-4E2E-A6EE-541F34C7D530}.Debug|Any CPU.ActiveCfg = Debug|iPhoneSimulator
		{5F972CD9-5DE1-4E2E-A6EE-541F34C7D530}.Debug|iPhone.ActiveCfg = Debug|iPhone
		{5F972CD9-5DE1-4E2E-A6EE-541F34C7D530}.Debug|iPhone.Build.0 = Debug|iPhone
		{5F972CD9-5DE1-4E2E-A6EE-541F34C7D530}.Debug|iPhoneSimulator.ActiveCfg = Debug|iPhoneSimulator
		{5F972CD9-5DE1-4E2E-A6EE-541F34C7D530}.Debug|iPhoneSimulator.Build.0 = Debug|iPhoneSimulator
		{5F972CD9-5DE1-4E2E-A6EE-541F34C7D530}.Release|Any CPU.ActiveCfg = Release|iPhoneSimulator
		{5F972CD9-5DE1-4E2E-A6EE-541F34C7D530}.Release|iPhone.ActiveCfg = Release|iPhone
		{5F972CD9-5DE1-4E2E-A6EE-541F34C7D530}.Release|iPhone.Build.0 = Release|iPhone
		{5F972CD9-5DE1-4E2E-A6EE-541F34C7D530}.Release|iPhoneSimulator.ActiveCfg = Release|iPhoneSimulator
		{5F972CD9-5DE1-4E2E-A6EE-541F34C7D530}.Release|iPhoneSimulator.Build.0 = Release|iPhoneSimulator
	EndGlobalSection
	GlobalSection(SolutionProperties) = preSolution
		HideSolutionNode = FALSE
	EndGlobalSection
	GlobalSection(ExtensibilityGlobals) = postSolution
		SolutionGuid = {A86719B0-5BBA-4EFD-BB21-597027FA99C1}
	EndGlobalSection
EndGlobal
